version = 1
revision = 2
requires-python = ">=3.13, <4.0"

[manifest]
members = [
    "ami-common",
    "services",
]

[[package]]
name = "ami-common"
version = "0.1.0"
source = { virtual = "ami_common" }
dependencies = [
    { name = "ayon-python-api" },
    { name = "fastapi" },
    { name = "shotgun-api3" },
]

[package.metadata]
requires-dist = [
    { name = "ayon-python-api", specifier = ">=1.2.6" },
    { name = "fastapi", specifier = ">=0.141.1" },
    { name = "shotgun-api3", specifier = ">=3.8.5" },
]

[[package]]
name = "annotated-doc"
version = "0.0.5"
source = { registry = "https://pypi.org/simple" }
sdist = { url = "https://files.pythonhosted.org/packages/5a/8e/38aa427ed5402449e226975b649c5dc73ccadfefeb95e6aecb8f8ea4b6b6/annotated_doc-0.0.5.tar.gz", hash = "sha256:c7e58ce09192557605d8bbd92836d7e1d520ac9580096042c0bfd197efacf1bb", size = 10758, upload-time = "2026-07-28T13:50:58.129Z" }
wheels = [
    { url = "https://files.pythonhosted.org/packages/3e/30/e900b21425a860e195f32e37657aa1f7c7f2b1bfb26f03ca209b90933c06/annotated_doc-0.0.5-py3-none-any.whl", hash = "sha256:117bac03a25ede5df5440e855b32d556049ca169ead221505badf432fed4b101", size = 5302, upload-time = "2026-07-28T13:50:57.239Z" },
]

[[package]]
name = "annotated-types"
version = "0.8.0"
source = { registry = "https://pypi.org/simple" }
sdist = { url = "https://files.pythonhosted.org/packages/5f/56/a8120250d128bed162cd73c76d45f6ef9991f3e068f62a8ee060afa3104a/annotated_types-0.8.0.tar.gz", hash = "sha256:13b2beaad985e05e2d6407ee4c4f35590b11f8d693a258a561055cac8f64cab7", size = 15893, upload-time = "2026-07-23T20:16:13.995Z" }
wheels = [
    { url = "https://files.pythonhosted.org/packages/99/91/8acff4f5e50511b911bbccb72b8628a49c68ce14148cd9f6431094859a90/annotated_types-0.8.0-py3-none-any.whl", hash = "sha256:f072f4d804ea359e4eaf198b1af7a8b0943881a87f31bb764f8bf219bb9419e0", size = 13427, upload-time = "2026-07-23T20:16:12.938Z" },
]

[[package]]
name = "anyio"
version = "4.14.2"
source = { registry = "https://pypi.org/simple" }
dependencies = [
    { name = "idna" },
]
sdist = { url = "https://files.pythonhosted.org/packages/61/cc/a381afa6efea9f496eff839d4a6a1aed3bfafc7b3ab4b0d1b243a12573dd/anyio-4.14.2.tar.gz", hash = "sha256:cfa139f3ed1a23ee8f88a145ddb5ac7605b8bbfd8592baacd7ce3d8bb4313c7f", size = 260176, upload-time = "2026-07-12T20:29:07.082Z" }
wheels = [
    { url = "https://files.pythonhosted.org/packages/da/35/f2287558c17e29fafc8ef3daf819bb9834061cfa43bff8014f7df7f63bdc/anyio-4.14.2-py3-none-any.whl", hash = "sha256:9f505dda5ac9f0c8309b5e8bd445a8c2bf7246f3ce950121e45ea15bc41d1494", size = 125813, upload-time = "2026-07-12T20:29:05.763Z" },
]

[[package]]
name = "ayon-python-api"
version = "1.2.6"
source = { registry = "https://pypi.org/simple" }
dependencies = [
    { name = "requests" },
    { name = "unidecode" },
]
sdist = { url = "https://files.pythonhosted.org/packages/59/2d/7d63ecee69d0a19952e4f271c56a6020fc7788e61671f683fd8a1b205c83/ayon_python_api-1.2.6.tar.gz", hash = "sha256:758e8f46152e90e1a7b494b4d80a723771d9ad39d4ff17c8cfb9ee482cf6553e", size = 165288, upload-time = "2025-11-20T14:16:16.223Z" }
wheels = [
    { url = "https://files.pythonhosted.org/packages/a8/84/5a6459c39baa5c81d769e2049c7191f8a381ffe1637caf110a6d5808504d/ayon_python_api-1.2.6-py3-none-any.whl", hash = "sha256:769a999cc1e6a9c24a71a3eea9405ae16f641ce8689ab6d240c6ea11cabcb8f4", size = 164990, upload-time = "2025-11-20T14:16:15.188Z" },
]

[[package]]
name = "certifi"
version = "2026.2.25"
source = { registry = "https://pypi.org/simple" }
sdist = { url = "https://files.pythonhosted.org/packages/af/2d/7bf41579a8986e348fa033a31cdd0e4121114f6bce2457e8876010b092dd/certifi-2026.2.25.tar.gz", hash = "sha256:e887ab5cee78ea814d3472169153c2d12cd43b14bd03329a39a9c6e2e80bfba7", size = 155029, upload-time = "2026-02-25T02:54:17.342Z" }
wheels = [
    { url = "https://files.pythonhosted.org/packages/9a/3c/c17fb3ca2d9c3acff52e30b309f538586f9f5b9c9cf454f3845fc9af4881/certifi-2026.2.25-py3-none-any.whl", hash = "sha256:027692e4402ad994f1c42e52a4997a9763c646b73e4096e4d5d6db8af1d6f0fa", size = 153684, upload-time = "2026-02-25T02:54:15.766Z" },
]

[[package]]
name = "charset-normalizer"
version = "3.4.5"
source = { registry = "https://pypi.org/simple" }
sdist = { url = "https://files.pythonhosted.org/packages/1d/35/02daf95b9cd686320bb622eb148792655c9412dbb9b67abb5694e5910a24/charset_normalizer-3.4.5.tar.gz", hash = "sha256:95adae7b6c42a6c5b5b559b1a99149f090a57128155daeea91732c8d970d8644", size = 134804, upload-time = "2026-03-06T06:03:19.46Z" }
wheels = [
    { url = "https://files.pythonhosted.org/packages/f5/48/9f34ec4bb24aa3fdba1890c1bddb97c8a4be1bd84ef5c42ac2352563ad05/charset_normalizer-3.4.5-cp313-cp313-macosx_10_13_universal2.whl", hash = "sha256:ac59c15e3f1465f722607800c68713f9fbc2f672b9eb649fe831da4019ae9b23", size = 280788, upload-time = "2026-03-06T06:01:37.126Z" },
    { url = "https://files.pythonhosted.org/packages/0e/09/6003e7ffeb90cc0560da893e3208396a44c210c5ee42efff539639def59b/charset_normalizer-3.4.5-cp313-cp313-manylinux2014_aarch64.manylinux_2_17_aarch64.manylinux_2_28_aarch64.whl", hash = "sha256:165c7b21d19365464e8f70e5ce5e12524c58b48c78c1f5a57524603c1ab003f8", size = 188890, upload-time = "2026-03-06T06:01:38.73Z" },
    { url = "https://files.pythonhosted.org/packages/42/1e/02706edf19e390680daa694d17e2b8eab4b5f7ac285e2a51168b4b22ee6b/charset_normalizer-3.4.5-cp313-cp313-manylinux2014_ppc64le.manylinux_2_17_ppc64le.manylinux_2_28_ppc64le.whl", hash = "sha256:28269983f25a4da0425743d0d257a2d6921ea7d9b83599d4039486ec5b9f911d", size = 206136, upload-time = "2026-03-06T06:01:40.016Z" },
    { url = "https://files.pythonhosted.org/packages/c7/87/942c3def1b37baf3cf786bad01249190f3ca3d5e63a84f831e704977de1f/charset_normalizer-3.4.5-cp313-cp313-manylinux2014_s390x.manylinux_2_17_s390x.manylinux_2_28_s390x.whl", hash = "sha256:d27ce22ec453564770d29d03a9506d449efbb9fa13c00842262b2f6801c48cce", size = 202551, upload-time = "2026-03-06T06:01:41.522Z" },
    { url = "https://files.pythonhosted.org/packages/94/0a/af49691938dfe175d71b8a929bd7e4ace2809c0c5134e28bc535660d5262/charset_normalizer-3.4.5-cp313-cp313-manylinux2014_x86_64.manylinux_2_17_x86_64.manylinux_2_28_x86_64.whl", hash = "sha256:0625665e4ebdddb553ab185de5db7054393af8879fb0c87bd5690d14379d6819", size = 195572, upload-time = "2026-03-06T06:01:43.208Z" },
    { url = "https://files.pythonhosted.org/packages/20/ea/dfb1792a8050a8e694cfbde1570ff97ff74e48afd874152d38163d1df9ae/charset_normalizer-3.4.5-cp313-cp313-manylinux_2_31_armv7l.whl", hash = "sha256:c23eb3263356d94858655b3e63f85ac5d50970c6e8febcdde7830209139cc37d", size = 184438, upload-time = "2026-03-06T06:01:44.755Z" },
    { url = "https://files.pythonhosted.org/packages/72/12/c281e2067466e3ddd0595bfaea58a6946765ace5c72dfa3edc2f5f118026/charset_normalizer-3.4.5-cp313-cp313-manylinux_2_31_riscv64.manylinux_2_39_riscv64.whl", hash = "sha256:e6302ca4ae283deb0af68d2fbf467474b8b6aedcd3dab4db187e07f94c109763", size = 193035, upload-time = "2026-03-06T06:01:46.051Z" },
    { url = "https://files.pythonhosted.org/packages/ba/4f/3792c056e7708e10464bad0438a44708886fb8f92e3c3d29ec5e2d964d42/charset_normalizer-3.4.5-cp313-cp313-musllinux_1_2_aarch64.whl", hash = "sha256:e51ae7d81c825761d941962450f50d041db028b7278e7b08930b4541b3e45cb9", size = 191340, upload-time = "2026-03-06T06:01:47.547Z" },
    { url = "https://files.pythonhosted.org/packages/e7/86/80ddba897127b5c7a9bccc481b0cd36c8fefa485d113262f0fe4332f0bf4/charset_normalizer-3.4.5-cp313-cp313-musllinux_1_2_armv7l.whl", hash = "sha256:597d10dec876923e5c59e48dbd366e852eacb2b806029491d307daea6b917d7c", size = 185464, upload-time = "2026-03-06T06:01:48.764Z" },
    { url = "https://files.pythonhosted.org/packages/4d/00/b5eff85ba198faacab83e0e4b6f0648155f072278e3b392a82478f8b988b/charset_normalizer-3.4.5-cp313-cp313-musllinux_1_2_ppc64le.whl", hash = "sha256:5cffde4032a197bd3b42fd0b9509ec60fb70918d6970e4cc773f20fc9180ca67", size = 208014, upload-time = "2026-03-06T06:01:50.371Z" },
    { url = "https://files.pythonhosted.org/packages/c8/11/d36f70be01597fd30850dde8a1269ebc8efadd23ba5785808454f2389bde/charset_normalizer-3.4.5-cp313-cp313-musllinux_1_2_riscv64.whl", hash = "sha256:2da4eedcb6338e2321e831a0165759c0c620e37f8cd044a263ff67493be8ffb3", size = 193297, upload-time = "2026-03-06T06:01:51.933Z" },
    { url = "https://files.pythonhosted.org/packages/1a/1d/259eb0a53d4910536c7c2abb9cb25f4153548efb42800c6a9456764649c0/charset_normalizer-3.4.5-cp313-cp313-musllinux_1_2_s390x.whl", hash = "sha256:65a126fb4b070d05340a84fc709dd9e7c75d9b063b610ece8a60197a291d0adf", size = 204321, upload-time = "2026-03-06T06:01:53.887Z" },
    { url = "https://files.pythonhosted.org/packages/84/31/faa6c5b9d3688715e1ed1bb9d124c384fe2fc1633a409e503ffe1c6398c1/charset_normalizer-3.4.5-cp313-cp313-musllinux_1_2_x86_64.whl", hash = "sha256:c7a80a9242963416bd81f99349d5f3fce1843c303bd404f204918b6d75a75fd6", size = 197509, upload-time = "2026-03-06T06:01:56.439Z" },
    { url = "https://files.pythonhosted.org/packages/fd/a5/c7d9dd1503ffc08950b3260f5d39ec2366dd08254f0900ecbcf3a6197c7c/charset_normalizer-3.4.5-cp313-cp313-win32.whl", hash = "sha256:f1d725b754e967e648046f00c4facc42d414840f5ccc670c5670f59f83693e4f", size = 132284, upload-time = "2026-03-06T06:01:57.812Z" },
    { url = "https://files.pythonhosted.org/packages/b9/0f/57072b253af40c8aa6636e6de7d75985624c1eb392815b2f934199340a89/charset_normalizer-3.4.5-cp313-cp313-win_amd64.whl", hash = "sha256:e37bd100d2c5d3ba35db9c7c5ba5a9228cbcffe5c4778dc824b164e5257813d7", size = 142630, upload-time = "2026-03-06T06:01:59.062Z" },
    { url = "https://files.pythonhosted.org/packages/31/41/1c4b7cc9f13bd9d369ce3bc993e13d374ce25fa38a2663644283ecf422c1/charset_normalizer-3.4.5-cp313-cp313-win_arm64.whl", hash = "sha256:93b3b2cc5cf1b8743660ce77a4f45f3f6d1172068207c1defc779a36eea6bb36", size = 133254, upload-time = "2026-03-06T06:02:00.281Z" },
    { url = "https://files.pythonhosted.org/packages/43/be/0f0fd9bb4a7fa4fb5067fb7d9ac693d4e928d306f80a0d02bde43a7c4aee/charset_normalizer-3.4.5-cp314-cp314-macosx_10_15_universal2.whl", hash = "sha256:8197abe5ca1ffb7d91e78360f915eef5addff270f8a71c1fc5be24a56f3e4873", size = 280232, upload-time = "2026-03-06T06:02:01.508Z" },
    { url = "https://files.pythonhosted.org/packages/28/02/983b5445e4bef49cd8c9da73a8e029f0825f39b74a06d201bfaa2e55142a/charset_normalizer-3.4.5-cp314-cp314-manylinux2014_aarch64.manylinux_2_17_aarch64.manylinux_2_28_aarch64.whl", hash = "sha256:a2aecdb364b8a1802afdc7f9327d55dad5366bc97d8502d0f5854e50712dbc5f", size = 189688, upload-time = "2026-03-06T06:02:02.857Z" },
    { url = "https://files.pythonhosted.org/packages/d0/88/152745c5166437687028027dc080e2daed6fe11cfa95a22f4602591c42db/charset_normalizer-3.4.5-cp314-cp314-manylinux2014_ppc64le.manylinux_2_17_ppc64le.manylinux_2_28_ppc64le.whl", hash = "sha256:a66aa5022bf81ab4b1bebfb009db4fd68e0c6d4307a1ce5ef6a26e5878dfc9e4", size = 206833, upload-time = "2026-03-06T06:02:05.127Z" },
    { url = "https://files.pythonhosted.org/packages/cb/0f/ebc15c8b02af2f19be9678d6eed115feeeccc45ce1f4b098d986c13e8769/charset_normalizer-3.4.5-cp314-cp314-manylinux2014_s390x.manylinux_2_17_s390x.manylinux_2_28_s390x.whl", hash = "sha256:d77f97e515688bd615c1d1f795d540f32542d514242067adcb8ef532504cb9ee", size = 202879, upload-time = "2026-03-06T06:02:06.446Z" },
    { url = "https://files.pythonhosted.org/packages/38/9c/71336bff6934418dc8d1e8a1644176ac9088068bc571da612767619c97b3/charset_normalizer-3.4.5-cp314-cp314-manylinux2014_x86_64.manylinux_2_17_x86_64.manylinux_2_28_x86_64.whl", hash = "sha256:01a1ed54b953303ca7e310fafe0fe347aab348bd81834a0bcd602eb538f89d66", size = 195764, upload-time = "2026-03-06T06:02:08.763Z" },
    { url = "https://files.pythonhosted.org/packages/b7/95/ce92fde4f98615661871bc282a856cf9b8a15f686ba0af012984660d480b/charset_normalizer-3.4.5-cp314-cp314-manylinux_2_31_armv7l.whl", hash = "sha256:b2d37d78297b39a9eb9eb92c0f6df98c706467282055419df141389b23f93362", size = 183728, upload-time = "2026-03-06T06:02:10.137Z" },
    { url = "https://files.pythonhosted.org/packages/1c/e7/f5b4588d94e747ce45ae680f0f242bc2d98dbd4eccfab73e6160b6893893/charset_normalizer-3.4.5-cp314-cp314-manylinux_2_31_riscv64.manylinux_2_39_riscv64.whl", hash = "sha256:e71bbb595973622b817c042bd943c3f3667e9c9983ce3d205f973f486fec98a7", size = 192937, upload-time = "2026-03-06T06:02:11.663Z" },
    { url = "https://files.pythonhosted.org/packages/f9/29/9d94ed6b929bf9f48bf6ede6e7474576499f07c4c5e878fb186083622716/charset_normalizer-3.4.5-cp314-cp314-musllinux_1_2_aarch64.whl", hash = "sha256:4cd966c2559f501c6fd69294d082c2934c8dd4719deb32c22961a5ac6db0df1d", size = 192040, upload-time = "2026-03-06T06:02:13.489Z" },
    { url = "https://files.pythonhosted.org/packages/15/d2/1a093a1cf827957f9445f2fe7298bcc16f8fc5e05c1ed2ad1af0b239035e/charset_normalizer-3.4.5-cp314-cp314-musllinux_1_2_armv7l.whl", hash = "sha256:d5e52d127045d6ae01a1e821acfad2f3a1866c54d0e837828538fabe8d9d1bd6", size = 184107, upload-time = "2026-03-06T06:02:14.83Z" },
    { url = "https://files.pythonhosted.org/packages/0f/7d/82068ce16bd36135df7b97f6333c5d808b94e01d4599a682e2337ed5fd14/charset_normalizer-3.4.5-cp314-cp314-musllinux_1_2_ppc64le.whl", hash = "sha256:30a2b1a48478c3428d047ed9690d57c23038dac838a87ad624c85c0a78ebeb39", size = 208310, upload-time = "2026-03-06T06:02:16.165Z" },
    { url = "https://files.pythonhosted.org/packages/84/4e/4dfb52307bb6af4a5c9e73e482d171b81d36f522b21ccd28a49656baa680/charset_normalizer-3.4.5-cp314-cp314-musllinux_1_2_riscv64.whl", hash = "sha256:d8ed79b8f6372ca4254955005830fd61c1ccdd8c0fac6603e2c145c61dd95db6", size = 192918, upload-time = "2026-03-06T06:02:18.144Z" },
    { url = "https://files.pythonhosted.org/packages/08/a4/159ff7da662cf7201502ca89980b8f06acf3e887b278956646a8aeb178ab/charset_normalizer-3.4.5-cp314-cp314-musllinux_1_2_s390x.whl", hash = "sha256:c5af897b45fa606b12464ccbe0014bbf8c09191e0a66aab6aa9d5cf6e77e0c94", size = 204615, upload-time = "2026-03-06T06:02:19.821Z" },
    { url = "https://files.pythonhosted.org/packages/d6/62/0dd6172203cb6b429ffffc9935001fde42e5250d57f07b0c28c6046deb6b/charset_normalizer-3.4.5-cp314-cp314-musllinux_1_2_x86_64.whl", hash = "sha256:1088345bcc93c58d8d8f3d783eca4a6e7a7752bbff26c3eee7e73c597c191c2e", size = 197784, upload-time = "2026-03-06T06:02:21.86Z" },
    { url = "https://files.pythonhosted.org/packages/c7/5e/1aab5cb737039b9c59e63627dc8bbc0d02562a14f831cc450e5f91d84ce1/charset_normalizer-3.4.5-cp314-cp314-win32.whl", hash = "sha256:ee57b926940ba00bca7ba7041e665cc956e55ef482f851b9b65acb20d867e7a2", size = 133009, upload-time = "2026-03-06T06:02:23.289Z" },
    { url = "https://files.pythonhosted.org/packages/40/65/e7c6c77d7aaa4c0d7974f2e403e17f0ed2cb0fc135f77d686b916bf1eead/charset_normalizer-3.4.5-cp314-cp314-win_amd64.whl", hash = "sha256:4481e6da1830c8a1cc0b746b47f603b653dadb690bcd851d039ffaefe70533aa", size = 143511, upload-time = "2026-03-06T06:02:26.195Z" },
    { url = "https://files.pythonhosted.org/packages/ba/91/52b0841c71f152f563b8e072896c14e3d83b195c188b338d3cc2e582d1d4/charset_normalizer-3.4.5-cp314-cp314-win_arm64.whl", hash = "sha256:97ab7787092eb9b50fb47fa04f24c75b768a606af1bcba1957f07f128a7219e4", size = 133775, upload-time = "2026-03-06T06:02:27.473Z" },
    { url = "https://files.pythonhosted.org/packages/c5/60/3a621758945513adfd4db86827a5bafcc615f913dbd0b4c2ed64a65731be/charset_normalizer-3.4.5-py3-none-any.whl", hash = "sha256:9db5e3fcdcee89a78c04dffb3fe33c79f77bd741a624946db2591c81b2fc85b0", size = 55455, upload-time = "2026-03-06T06:03:17.827Z" },
]

[[package]]
name = "fastapi"
version = "0.141.1"
source = { registry = "https://pypi.org/simple" }
dependencies = [
    { name = "annotated-doc" },
    { name = "pydantic" },
    { name = "starlette" },
    { name = "typing-extensions" },
    { name = "typing-inspection" },
]
sdist = { url = "https://files.pythonhosted.org/packages/8a/02/91e3416a8fdd715abb903a952a6bec7cdd8d14eed55d415fc8595524c319/fastapi-0.141.1.tar.gz", hash = "sha256:e8822fc40db1e1858054d7a949a888695bc9bdce70139178e33bd2871a453ca1", size = 425799, upload-time = "2026-07-29T17:18:05.568Z" }
wheels = [
    { url = "https://files.pythonhosted.org/packages/cb/03/10388a42375ee7e4ac9b94eb2c5c569c8b5795e377e701c9ac3ad63de890/fastapi-0.141.1-py3-none-any.whl", hash = "sha256:bfb91aa2d334c61cb35ba9a116fc123b3d3df31640b801cf57a7a78ec3f603b3", size = 131954, upload-time = "2026-07-29T17:18:04.364Z" },
]

[[package]]
name = "idna"
version = "3.11"
source = { registry = "https://pypi.org/simple" }
sdist = { url = "https://files.pythonhosted.org/packages/6f/6d/0703ccc57f3a7233505399edb88de3cbd678da106337b9fcde432b65ed60/idna-3.11.tar.gz", hash = "sha256:795dafcc9c04ed0c1fb032c2aa73654d8e8c5023a7df64a53f39190ada629902", size = 194582, upload-time = "2025-10-12T14:55:20.501Z" }
wheels = [
    { url = "https://files.pythonhosted.org/packages/0e/61/66938bbb5fc52dbdf84594873d5b51fb1f7c7794e9c0f5bd885f30bc507b/idna-3.11-py3-none-any.whl", hash = "sha256:771a87f49d9defaf64091e6e6fe9c18d4833f140bd19464795bc32d966ca37ea", size = 71008, upload-time = "2025-10-12T14:55:18.883Z" },
]

[[package]]
name = "pydantic"
version = "2.13.4"
source = { registry = "https://pypi.org/simple" }
dependencies = [
    { name = "annotated-types" },
    { name = "pydantic-core" },
    { name = "typing-extensions" },
    { name = "typing-inspection" },
]
sdist = { url = "https://files.pythonhosted.org/packages/18/a5/b60d21ac674192f8ab0ba4e9fd860690f9b4a6e51ca5df118733b487d8d6/pydantic-2.13.4.tar.gz", hash = "sha256:c40756b57adaa8b1efeeced5c196f3f3b7c435f90e84ea7f443901bec8099ef6", size = 844775, upload-time = "2026-05-06T13:43:05.343Z" }
wheels = [
    { url = "https://files.pythonhosted.org/packages/fd/7b/122376b1fd3c62c1ed9dc80c931ace4844b3c55407b6fb2d199377c9736f/pydantic-2.13.4-py3-none-any.whl", hash = "sha256:45a282cde31d808236fd7ea9d919b128653c8b38b393d1c4ab335c62924d9aba", size = 472262, upload-time = "2026-05-06T13:43:02.641Z" },
]

[[package]]
name = "pydantic-core"
version = "2.46.4"
source = { registry = "https://pypi.org/simple" }
dependencies = [
    { name = "typing-extensions" },
]
sdist = { url = "https://files.pythonhosted.org/packages/9d/56/921726b776ace8d8f5db44c4ef961006580d91dc52b803c489fafd1aa249/pydantic_core-2.46.4.tar.gz", hash = "sha256:62f875393d7f270851f20523dd2e29f082bcc82292d66db2b64ea71f64b6e1c1", size = 471464, upload-time = "2026-05-06T13:37:06.98Z" }
wheels = [
    { url = "https://files.pythonhosted.org/packages/51/a2/5d30b469c5267a17b39dec53208222f76a8d351dfac4af661888c5aee77d/pydantic_core-2.46.4-cp313-cp313-macosx_10_12_x86_64.whl", hash = "sha256:5d5902252db0d3cedf8d4a1bc68f70eeb430f7e4c7104c8c476753519b423008", size = 2106306, upload-time = "2026-05-06T13:37:48.029Z" },
    { url = "https://files.pythonhosted.org/packages/c1/81/4fa520eaffa8bd7d1525e644cd6d39e7d60b1592bc5b516693c7340b50f1/pydantic_core-2.46.4-cp313-cp313-macosx_11_0_arm64.whl", hash = "sha256:c94f0688e7b8d0a67abf40e57a7eaaecd17cc9586706a31b76c031f63df052b4", size = 1951906, upload-time = "2026-05-06T13:37:17.012Z" },
    { url = "https://files.pythonhosted.org/packages/03/d5/fd02da45b659668b05923b17ba3a0100a0a3d5541e3bd8fcc4ecb711309e/pydantic_core-2.46.4-cp313-cp313-manylinux_2_17_aarch64.manylinux2014_aarch64.whl", hash = "sha256:f027324c56cd5406ca49c124b0db10e56c69064fec039acc571c29020cc87c76", size = 1976802, upload-time = "2026-05-06T13:37:35.113Z" },
    { url = "https://files.pythonhosted.org/packages/21/f2/95727e1368be3d3ed485eaab7adbd7dda408f33f7a36e8b48e0144002b91/pydantic_core-2.46.4-cp313-cp313-manylinux_2_17_armv7l.manylinux2014_armv7l.whl", hash = "sha256:e739fee756ba1010f8bcccb534252e85a35fe45ae92c295a06059ce58b74ccd3", size = 2052446, upload-time = "2026-05-06T13:37:12.313Z" },
    { url = "https://files.pythonhosted.org/packages/9c/86/5d99feea3f77c7234b8718075b23db11532773c1a0dbd9b9490215dc2eeb/pydantic_core-2.46.4-cp313-cp313-manylinux_2_17_ppc64le.manylinux2014_ppc64le.whl", hash = "sha256:9d56801be94b86a9da183e5f3766e6310752b99ff647e38b09a9500d88e46e76", size = 2232757, upload-time = "2026-05-06T13:39:01.149Z" },
    { url = "https://files.pythonhosted.org/packages/d2/3a/508ac615935ef7588cf6d9e9b91309fdc2da751af865e02a9098de88258c/pydantic_core-2.46.4-cp313-cp313-manylinux_2_17_s390x.manylinux2014_s390x.whl", hash = "sha256:2412e734dcb48da14d4e4006b82b46b74f2518b8a26ee7e58c6844a6cd6d03c4", size = 2309275, upload-time = "2026-05-06T13:37:41.406Z" },
    { url = "https://files.pythonhosted.org/packages/07/f8/41db9de19d7987d6b04715a02b3b40aea467000275d9d758ffaa31af7d50/pydantic_core-2.46.4-cp313-cp313-manylinux_2_17_x86_64.manylinux2014_x86_64.whl", hash = "sha256:9551187363ffc0de2a00b2e47c25aeaeb1020b69b668762966df15fc5659dd5a", size = 2094467, upload-time = "2026-05-06T13:39:18.847Z" },
    { url = "https://files.pythonhosted.org/packages/2c/e2/f35033184cb11d0052daf4416e8e10a502ea2ac006fc4f459aee872727d1/pydantic_core-2.46.4-cp313-cp313-manylinux_2_31_riscv64.whl", hash = "sha256:0186750b482eefa11d7f435892b09c5c606193ef3375bcf94aa00ae6bfb66262", size = 2134417, upload-time = "2026-05-06T13:40:17.944Z" },
    { url = "https://files.pythonhosted.org/packages/7e/7b/6ceeb1cc90e193862f444ebe373d8fdf613f0a82572dde03fb10734c6c71/pydantic_core-2.46.4-cp313-cp313-manylinux_2_5_i686.manylinux1_i686.whl", hash = "sha256:5855698a4856556d86e8e6cd8434bc3ac0314ee8e12089ae0e143f64c6256e4e", size = 2179782, upload-time = "2026-05-06T13:40:32.618Z" },
    { url = "https://files.pythonhosted.org/packages/5a/f2/c8d7773ede6af08036423a00ae0ceffce266c3c52a096c435d68c896083f/pydantic_core-2.46.4-cp313-cp313-musllinux_1_1_aarch64.whl", hash = "sha256:cbaf13819775b7f769bf4a1f066cb6df7a28d4480081a589828ef190226881cd", size = 2188782, upload-time = "2026-05-06T13:36:51.018Z" },
    { url = "https://files.pythonhosted.org/packages/59/31/0c864784e31f09f05cdd87606f08923b9c9e7f6e51dd27f20f62f975ce9f/pydantic_core-2.46.4-cp313-cp313-musllinux_1_1_armv7l.whl", hash = "sha256:633147d34cf4550417f12e2b1a0383973bdf5cdfde212cb09e9a581cf10820be", size = 2328334, upload-time = "2026-05-06T13:40:37.764Z" },
    { url = "https://files.pythonhosted.org/packages/c2/eb/4f6c8a41efa30baa755590f4141abf3a8c370fab610915733e74134a7270/pydantic_core-2.46.4-cp313-cp313-musllinux_1_1_x86_64.whl", hash = "sha256:82cf5301172168103724d49a1444d3378cb20cdee30b116a1bd6031236298a5d", size = 2372986, upload-time = "2026-05-06T13:39:34.152Z" },
    { url = "https://files.pythonhosted.org/packages/5b/24/b375a480d53113860c299764bfe9f349a3dc9108b3adc0d7f0d786492ebf/pydantic_core-2.46.4-cp313-cp313-win32.whl", hash = "sha256:9fa8ae11da9e2b3126c6426f147e0fba88d96d65921799bb30c6abd1cb2c97fb", size = 1973693, upload-time = "2026-05-06T13:37:55.072Z" },
    { url = "https://files.pythonhosted.org/packages/7e/e8/cff247591966f2d22ec8c003cd7587e27b7ba7b81ab2fb888e3ab75dc285/pydantic_core-2.46.4-cp313-cp313-win_amd64.whl", hash = "sha256:6b3ace8194b0e5204818c92802dcdca7fc6d88aabbb799d7c795540d9cd6d292", size = 2071819, upload-time = "2026-05-06T13:38:49.139Z" },
    { url = "https://files.pythonhosted.org/packages/c6/1a/f4aee670d5670e9e148e0c82c7db98d780be566c6e6a97ee8035528ca0b3/pydantic_core-2.46.4-cp313-cp313-win_arm64.whl", hash = "sha256:184c081504d17f1c1066e430e117142b2c77d9448a97f7b65c6ac9fd9aee238d", size = 2027411, upload-time = "2026-05-06T13:40:45.796Z" },
    { url = "https://files.pythonhosted.org/packages/8d/74/228a26ddad29c6672b805d9fd78e8d251cd04004fa7eed0e622096cd0250/pydantic_core-2.46.4-cp314-cp314-macosx_10_12_x86_64.whl", hash = "sha256:428e04521a40150c85216fc8b85e8d39fece235a9cf5e383761238c7fa9b96fb", size = 2102079, upload-time = "2026-05-06T13:38:41.019Z" },
    { url = "https://files.pythonhosted.org/packages/ad/1f/8970b150a4b4365623ae00fc88603491f763c627311ae8031e3111356d6e/pydantic_core-2.46.4-cp314-cp314-macosx_11_0_arm64.whl", hash = "sha256:23ace664830ee0bfe014a0c7bc248b1f7f25ed7ad103852c317624a1083af462", size = 1952179, upload-time = "2026-05-06T13:36:59.812Z" },
    { url = "https://files.pythonhosted.org/packages/95/30/5211a831ae054928054b2f79731661087a2bc5c01e825c672b3a4a8f1b3e/pydantic_core-2.46.4-cp314-cp314-manylinux_2_17_aarch64.manylinux2014_aarch64.whl", hash = "sha256:ce5c1d2a8b27468f433ca974829c44060b8097eedc39933e3c206a90ee49c4a9", size = 1978926, upload-time = "2026-05-06T13:37:39.933Z" },
    { url = "https://files.pythonhosted.org/packages/57/e9/689668733b1eb67adeef047db3c2e8788fcf65a7fd9c9e2b46b7744fe245/pydantic_core-2.46.4-cp314-cp314-manylinux_2_17_armv7l.manylinux2014_armv7l.whl", hash = "sha256:7283d57845ecf5a163403eb0702dfc220cc4fbdd18919cb5ccea4f95ee1cdab4", size = 2046785, upload-time = "2026-05-06T13:38:01.995Z" },
    { url = "https://files.pythonhosted.org/packages/60/d9/6715260422ff50a2109878fd24d948a6c3446bb2664f34ee78cd972b3acd/pydantic_core-2.46.4-cp314-cp314-manylinux_2_17_ppc64le.manylinux2014_ppc64le.whl", hash = "sha256:8daafc69c93ee8a0204506a3b6b30f586ef54028f52aeeeb5c4cfc5184fd5914", size = 2228733, upload-time = "2026-05-06T13:40:50.371Z" },
    { url = "https://files.pythonhosted.org/packages/18/ae/fdb2f64316afca925640f8e70bb1a564b0ec2721c1389e25b8eb4bf9a299/pydantic_core-2.46.4-cp314-cp314-manylinux_2_17_s390x.manylinux2014_s390x.whl", hash = "sha256:cd2213145bcc2ba85884d0ac63d222fece9209678f77b9b4d76f054c561adb28", size = 2307534, upload-time = "2026-05-06T13:37:21.531Z" },
    { url = "https://files.pythonhosted.org/packages/89/1d/8eff589b45bb8190a9d12c49cfad0f176a5cbd1534908a6b5125e2886239/pydantic_core-2.46.4-cp314-cp314-manylinux_2_17_x86_64.manylinux2014_x86_64.whl", hash = "sha256:7a5f930472650a82629163023e630d160863fce524c616f4e5186e5de9d9a49b", size = 2099732, upload-time = "2026-05-06T13:39:31.942Z" },
    { url = "https://files.pythonhosted.org/packages/06/d5/ee5a3366637fee41dee51a1fc91562dcf12ddbc68fda34e6b253da2324bb/pydantic_core-2.46.4-cp314-cp314-manylinux_2_31_riscv64.whl", hash = "sha256:c1b3f518abeca3aa13c712fd202306e145abf59a18b094a6bafb2d2bbf59192c", size = 2129627, upload-time = "2026-05-06T13:37:25.033Z" },
    { url = "https://files.pythonhosted.org/packages/94/33/2414be571d2c6a6c4d08be21f9292b6d3fdb08949a97b6dfe985017821db/pydantic_core-2.46.4-cp314-cp314-manylinux_2_5_i686.manylinux1_i686.whl", hash = "sha256:1a7dd0b3ee80d90150e3495a3a13ac34dbcbfd4f012996a6a1d8900e91b5c0fb", size = 2179141, upload-time = "2026-05-06T13:37:14.046Z" },
    { url = "https://files.pythonhosted.org/packages/7b/79/7daa95be995be0eecc4cf75064cb33f9bbbfe3fe0158caf2f0d4a996a5c7/pydantic_core-2.46.4-cp314-cp314-musllinux_1_1_aarch64.whl", hash = "sha256:3fb702cd90b0446a3a1c5e470bfa0dd23c0233b676a9099ddcc964fa6ca13898", size = 2184325, upload-time = "2026-05-06T13:36:53.615Z" },
    { url = "https://files.pythonhosted.org/packages/9f/cb/d0a382f5c0de8a222dc61c65348e0ce831b1f68e0a018450d31c2cace3a5/pydantic_core-2.46.4-cp314-cp314-musllinux_1_1_armv7l.whl", hash = "sha256:b8458003118a712e66286df6a707db01c52c0f52f7db8e4a38f0da1d3b94fc4e", size = 2323990, upload-time = "2026-05-06T13:40:29.971Z" },
    { url = "https://files.pythonhosted.org/packages/05/db/d9ba624cc4a5aced1598e88c04fdbd8310c8a69b9d38b9a3d39ce3a61ed7/pydantic_core-2.46.4-cp314-cp314-musllinux_1_1_x86_64.whl", hash = "sha256:372429a130e469c9cd698925ce5fc50940b7a1336b0d82038e63d5bbc4edc519", size = 2369978, upload-time = "2026-05-06T13:37:23.027Z" },
    { url = "https://files.pythonhosted.org/packages/f2/20/d15df15ba918c423461905802bfd2981c3af0bfa0e40d05e13edbfa48bc3/pydantic_core-2.46.4-cp314-cp314-win32.whl", hash = "sha256:85bb3611ff1802f3ee7fdd7dbff26b56f343fb432d57a4728fdd49b6ef35e2f4", size = 1966354, upload-time = "2026-05-06T13:38:03.499Z" },
    { url = "https://files.pythonhosted.org/packages/fc/b6/6b8de4c0a7d7ab3004c439c80c5c1e0a3e8d78bbae19379b01960383d9e5/pydantic_core-2.46.4-cp314-cp314-win_amd64.whl", hash = "sha256:811ff8e9c313ab425368bcbb36e5c4ebd7108c2bbf4e4089cfbb0b01eff63fac", size = 2072238, upload-time = "2026-05-06T13:39:40.807Z" },
    { url = "https://files.pythonhosted.org/packages/32/36/51eb763beec1f4cf59b1db243a7dcc39cbb41230f050a09b9d69faaf0a48/pydantic_core-2.46.4-cp314-cp314-win_arm64.whl", hash = "sha256:bfec22eab3c8cc2ceec0248aec886624116dc079afa027ecc8ad4a7e62010f8a", size = 2018251, upload-time = "2026-05-06T13:37:26.72Z" },
    { url = "https://files.pythonhosted.org/packages/e8/91/855af51d625b23aa987116a19e231d2aaef9c4a415273ddc189b79a45fee/pydantic_core-2.46.4-cp314-cp314t-macosx_10_12_x86_64.whl", hash = "sha256:af8244b2bef6aaad6d92cda81372de7f8c8d36c9f0c3ea36e827c60e7d9467a0", size = 2099593, upload-time = "2026-05-06T13:39:47.682Z" },
    { url = "https://files.pythonhosted.org/packages/fb/1b/8784a54c65edb5f49f0a14d6977cf1b209bba85a4c77445b255c2de58ab3/pydantic_core-2.46.4-cp314-cp314t-macosx_11_0_arm64.whl", hash = "sha256:5a4330cdbc57162e4b3aa303f588ba752257694c9c9be3e7ebb11b4aca659b5d", size = 1935226, upload-time = "2026-05-06T13:40:40.428Z" },
    { url = "https://files.pythonhosted.org/packages/e8/e7/1955d28d1afc56dd4b3ad7cc0cf39df1b9852964cf16e5d13912756d6d6b/pydantic_core-2.46.4-cp314-cp314t-manylinux_2_17_aarch64.manylinux2014_aarch64.whl", hash = "sha256:29c61fc04a3d840155ff08e475a04809278972fe6aef51e2720554e96367e34b", size = 1974605, upload-time = "2026-05-06T13:37:32.029Z" },
    { url = "https://files.pythonhosted.org/packages/93/e2/3fedbf0ba7a22850e6e9fd78117f1c0f10f950182344d8a6c535d468fdd8/pydantic_core-2.46.4-cp314-cp314t-manylinux_2_17_armv7l.manylinux2014_armv7l.whl", hash = "sha256:c50f2528cf200c5eed56faf3f4e22fcd5f38c157a8b78576e6ba3168ec35f000", size = 2030777, upload-time = "2026-05-06T13:38:55.239Z" },
    { url = "https://files.pythonhosted.org/packages/f8/61/46be275fcaaba0b4f5b9669dd852267ce1ff616592dccf7a7845588df091/pydantic_core-2.46.4-cp314-cp314t-manylinux_2_17_ppc64le.manylinux2014_ppc64le.whl", hash = "sha256:0cbe8b01f948de4286c74cdd6c667aceb38f5c1e26f0693b3983d9d74887c65e", size = 2236641, upload-time = "2026-05-06T13:37:08.096Z" },
    { url = "https://files.pythonhosted.org/packages/60/db/12e93e46a8bac9988be3c016860f83293daea8c716c029c9ace279036f2f/pydantic_core-2.46.4-cp314-cp314t-manylinux_2_17_s390x.manylinux2014_s390x.whl", hash = "sha256:617d7e2ca7dcb8c5cf6bcb8c59b8832c94b36196bbf1cbd1bfb56ed341905edd", size = 2286404, upload-time = "2026-05-06T13:40:20.221Z" },
    { url = "https://files.pythonhosted.org/packages/e2/4a/4d8b19008f38d31c53b8219cfedc2e3d5de5fe99d90076b7e767de29274f/pydantic_core-2.46.4-cp314-cp314t-manylinux_2_17_x86_64.manylinux2014_x86_64.whl", hash = "sha256:7027560ee92211647d0d34e3f7cd6f50da56399d26a9c8ad0da286d3869a53f3", size = 2109219, upload-time = "2026-05-06T13:38:12.153Z" },
    { url = "https://files.pythonhosted.org/packages/88/70/3cbc40978fefb7bb09c6708d40d4ad1a5d70fd7213c3d17f971de868ec1f/pydantic_core-2.46.4-cp314-cp314t-manylinux_2_31_riscv64.whl", hash = "sha256:f99626688942fb746e545232e7726926f3be91b5975f8b55327665fafda991c7", size = 2110594, upload-time = "2026-05-06T13:40:02.971Z" },
    { url = "https://files.pythonhosted.org/packages/9d/20/b8d36736216e29491125531685b2f9e61aa5b4b2599893f8268551da3338/pydantic_core-2.46.4-cp314-cp314t-manylinux_2_5_i686.manylinux1_i686.whl", hash = "sha256:fc3e9034a63de20e15e8ade85358bc6efc614008cab72898b4b4952bea0509ff", size = 2159542, upload-time = "2026-05-06T13:39:27.506Z" },
    { url = "https://files.pythonhosted.org/packages/1d/a2/367df868eb584dacf6bf82a389272406d7178e301c4ac82545ab98bc2dd9/pydantic_core-2.46.4-cp314-cp314t-musllinux_1_1_aarch64.whl", hash = "sha256:97e7cf2be5c77b7d1a9713a05605d49460d02c6078d38d8bef3cbe323c548424", size = 2168146, upload-time = "2026-05-06T13:38:31.93Z" },
    { url = "https://files.pythonhosted.org/packages/c1/b8/4460f77f7e201893f649a29ab355dddd3beee8a97bcb1a320db414f9a06e/pydantic_core-2.46.4-cp314-cp314t-musllinux_1_1_armv7l.whl", hash = "sha256:3bf92c5d0e00fefaab325a4d27828fe6b6e2a21848686b5b60d2d9eeb09d76c6", size = 2306309, upload-time = "2026-05-06T13:37:44.717Z" },
    { url = "https://files.pythonhosted.org/packages/64/c4/be2639293acd87dc8ddbcec41a73cee9b2ebf996fe6d892a1a74e88ad3f7/pydantic_core-2.46.4-cp314-cp314t-musllinux_1_1_x86_64.whl", hash = "sha256:3ecbc122d18468d06ca279dc26a8c2e2d5acb10943bb35e36ae92096dc3b5565", size = 2369736, upload-time = "2026-05-06T13:37:05.645Z" },
    { url = "https://files.pythonhosted.org/packages/30/a6/9f9f380dbb301f67023bf8f707aaa75daadf84f7152d95c410fd7e81d994/pydantic_core-2.46.4-cp314-cp314t-win32.whl", hash = "sha256:e846ae7835bf0703ae43f534ab79a867146dadd59dc9ca5c8b53d5c8f7c9ef02", size = 1955575, upload-time = "2026-05-06T13:38:51.116Z" },
    { url = "https://files.pythonhosted.org/packages/40/1f/f1eb9eb350e795d1af8586289746f5c5677d16043040d63710e22abc43c9/pydantic_core-2.46.4-cp314-cp314t-win_amd64.whl", hash = "sha256:2108ba5c1c1eca18030634489dc544844144ee36357f2f9f780b93e7ddbb44b5", size = 2051624, upload-time = "2026-05-06T13:38:21.672Z" },
    { url = "https://files.pythonhosted.org/packages/f6/d2/42dd53d0a85c27606f316d3aa5d2869c4e8470a5ed6dec30e4a1abe19192/pydantic_core-2.46.4-cp314-cp314t-win_arm64.whl", hash = "sha256:4fcbe087dbc2068af7eda3aa87634eba216dbda64d1ae73c8684b621d33f6596", size = 2017325, upload-time = "2026-05-06T13:40:52.723Z" },
]

[[package]]
name = "requests"
version = "2.32.5"
source = { registry = "https://pypi.org/simple" }
dependencies = [
    { name = "certifi" },
    { name = "charset-normalizer" },
    { name = "idna" },
    { name = "urllib3" },
]
sdist = { url = "https://files.pythonhosted.org/packages/c9/74/b3ff8e6c8446842c3f5c837e9c3dfcfe2018ea6ecef224c710c85ef728f4/requests-2.32.5.tar.gz", hash = "sha256:dbba0bac56e100853db0ea71b82b4dfd5fe2bf6d3754a8893c3af500cec7d7cf", size = 134517, upload-time = "2025-08-18T20:46:02.573Z" }
wheels = [
    { url = "https://files.pythonhosted.org/packages/1e/db/4254e3eabe8020b458f1a747140d32277ec7a271daf1d235b70dc0b4e6e3/requests-2.32.5-py3-none-any.whl", hash = "sha256:2462f94637a34fd532264295e186976db0f5d453d1cdd31473c85a6a161affb6", size = 64738, upload-time = "2025-08-18T20:46:00.542Z" },
]

[[package]]
name = "services"
version = "0.0.0"
source = { virtual = "." }
dependencies = [
    { name = "ayon-python-api" },
    { name = "shotgun-api3" },
]

[package.metadata]
requires-dist = [
    { name = "ayon-python-api", specifier = "==1.2.6" },
    { name = "shotgun-api3", specifier = "==3.8.5" },
]

[[package]]
name = "shotgun-api3"
version = "3.8.5"
source = { registry = "https://pypi.org/simple" }
sdist = { url = "https://files.pythonhosted.org/packages/3f/00/a6fe51d5248c3eb4e5cfc15ca8c6108f975d62f65c77419960a4335c329e/shotgun_api3-3.8.5.tar.gz", hash = "sha256:4e1738a76c06308eca7106a8b94508edd469ef2dd63ac71c2324dcb35112090b", size = 601478, upload-time = "2025-08-14T02:32:57.011Z" }
wheels = [
    { url = "https://files.pythonhosted.org/packages/72/39/5ca6e52a7846cad309f2c75c0b89d4b80fff2a03945530bceaf7e70a33b6/shotgun_api3-3.8.5-py2.py3-none-any.whl", hash = "sha256:1f31b27599dea8d5daf47a407dd550c9c778a66901dc95be4b090d7c5109a4ca", size = 577044, upload-time = "2025-08-14T02:32:55.875Z" },
]

[[package]]
name = "starlette"
version = "1.6.0"
source = { registry = "https://pypi.org/simple" }
dependencies = [
    { name = "anyio" },
]
sdist = { url = "https://files.pythonhosted.org/packages/b5/b4/205b0d5241d934e8add0c38aa924c4f9fb7330834ff11e5444db964ec3f9/starlette-1.6.0.tar.gz", hash = "sha256:d4e3ac5e546444960c710297a3c9fc3f7ebae1b7e963f3d36173b49da535be9b", size = 2716969, upload-time = "2026-08-08T18:27:57.512Z" }
wheels = [
    { url = "https://files.pythonhosted.org/packages/c8/cb/6a6a47d5b464bd08695d254f3da6e7986cc70c9fa5d778eda57538edfe56/starlette-1.6.0-py3-none-any.whl", hash = "sha256:a86dd39d14bb45f85a3d18525215a9ef0cfd1f192ac793220e72598c90335f0c", size = 75969, upload-time = "2026-08-08T18:27:56.196Z" },
]

[[package]]
name = "typing-extensions"
version = "4.16.0"
source = { registry = "https://pypi.org/simple" }
sdist = { url = "https://files.pythonhosted.org/packages/f6/cc/6253133b5bb138fc3306cebfbda2c520f545d36b5be2c7255cc528bb45d6/typing_extensions-4.16.0.tar.gz", hash = "sha256:dc983d19a509c94dba722ee6abd33940f7c05a89e243c47e907eb4db6f1a43e5", size = 113555, upload-time = "2026-07-02T08:40:05.92Z" }
wheels = [
    { url = "https://files.pythonhosted.org/packages/49/d3/b8441a820a491ddfc024b0b0cf0393375b75ea13866d9c66727e54c2fc80/typing_extensions-4.16.0-py3-none-any.whl", hash = "sha256:481caa481374e813c1b176ada14e97f1f67a4539ce9cfeb3f350d78d6370c2e8", size = 45571, upload-time = "2026-07-02T08:40:04.659Z" },
]

[[package]]
name = "typing-inspection"
version = "0.4.3"
source = { registry = "https://pypi.org/simple" }
dependencies = [
    { name = "typing-extensions" },
]
sdist = { url = "https://files.pythonhosted.org/packages/6d/bc/4eae18cd40c65798a16267572ba346c11f599d44b01603dbd843342042bc/typing_inspection-0.4.3.tar.gz", hash = "sha256:c5f9ec1530b5c1e2c9bc34a84d9a3466ed1b2f3f2fa9f901368d9c5596210e4d", size = 76711, upload-time = "2026-08-10T09:39:18.063Z" }
wheels = [
    { url = "https://files.pythonhosted.org/packages/42/f7/7a3935abdebd5cf18705a5f0335dd6a3a18bef3baa7cb9edc3b6b9922cc8/typing_inspection-0.4.3-py3-none-any.whl", hash = "sha256:5f42b23858a91e0b4ef521f5418f03a0da3c9216fd2995ef5e73463100e676cd", size = 14693, upload-time = "2026-08-10T09:39:16.693Z" },
]

[[package]]
name = "unidecode"
version = "1.4.0"
source = { registry = "https://pypi.org/simple" }
sdist = { url = "https://files.pythonhosted.org/packages/94/7d/a8a765761bbc0c836e397a2e48d498305a865b70a8600fd7a942e85dcf63/Unidecode-1.4.0.tar.gz", hash = "sha256:ce35985008338b676573023acc382d62c264f307c8f7963733405add37ea2b23", size = 200149, upload-time = "2025-04-24T08:45:03.798Z" }
wheels = [
    { url = "https://files.pythonhosted.org/packages/8f/b7/559f59d57d18b44c6d1250d2eeaa676e028b9c527431f5d0736478a73ba1/Unidecode-1.4.0-py3-none-any.whl", hash = "sha256:c3c7606c27503ad8d501270406e345ddb480a7b5f38827eafe4fa82a137f0021", size = 235837, upload-time = "2025-04-24T08:45:01.609Z" },
]

[[package]]
name = "urllib3"
version = "2.6.3"
source = { registry = "https://pypi.org/simple" }
sdist = { url = "https://files.pythonhosted.org/packages/c7/24/5f1b3bdffd70275f6661c76461e25f024d5a38a46f04aaca912426a2b1d3/urllib3-2.6.3.tar.gz", hash = "sha256:1b62b6884944a57dbe321509ab94fd4d3b307075e0c2eae991ac71ee15ad38ed", size = 435556, upload-time = "2026-01-07T16:24:43.925Z" }
wheels = [
    { url = "https://files.pythonhosted.org/packages/39/08/aaaad47bc4e9dc8c725e68f9d04865dbcb2052843ff09c97b08904852d84/urllib3-2.6.3-py3-none-any.whl", hash = "sha256:bf272323e553dfb2e87d9bfd225ca7b0f467b919d7bbd355436d3fd37cb0acd4", size = 131584, upload-time = "2026-01-07T16:24:42.685Z" },
]
